{
  "name": "hifi-tools",
  "version": "1.0.0",
  "lockfileVersion": 3,
  "requires": true,
  "packages": {
    "": {
      "name": "hifi-tools",
      "version": "1.0.0",
      "license": "ISC",
      "dependencies": {
        "node-roon-api": "github:roonlabs/node-roon-api",
        "node-roon-api-settings": "github:roonlabs/node-roon-api-settings",
        "node-roon-api-source-control": "github:RoonLabs/node-roon-api-source-control",
        "node-roon-api-status": "github:roonlabs/node-roon-api-status"
      },
      "devDependencies": {
        "@types/node": "^24.9.2"
      }
    },
    "node_modules/@types/node": {
      "version": "24.9.2",
      "resolved": "https://registry.npmjs.org/@types/node/-/node-24.9.2.tgz",
      "integrity": "sha512-uWN8YqxXxqFMX2RqGOrumsKeti4LlmIMIyV0lgut4jx7KQBcBiW6vkDtIBvHnHIquwNfJhk8v2OtmO8zXWHfPA==",
      "dev": true,
      "license": "MIT",
      "dependencies": {
        "undici-types": "~7.16.0"
      }
    },
    "node_modules/ip": {
      "version": "2.0.1",
      "resolved": "https://registry.npmjs.org/ip/-/ip-2.0.1.tgz",
      "integrity": "sha512-lJUL9imLTNi1ZfXT+DU6rBBdbiKGBuay9B6xGSPVjUeQwaH1RIGqef8RZkUtHioLmSNpPR5M4HVKJGm1j8FWVQ==",
      "license": "MIT"
    },
    "node_modules/node-roon-api": {
      "version": "1.2.3",
      "resolved": "git+ssh://git@github.com/roonlabs/node-roon-api.git#51258392f8bfae3fe218740dda5bc049a822872e",
      "license": "Apache-2.0",
      "dependencies": {
        "ip": "^2.0.1",
        "node-uuid": "^1.4.7",
        "ws": ">=3.3.1"
      }
    },
    "node_modules/node-roon-api-settings": {
      "version": "1.0.0",
      "resolved": "git+ssh://git@github.com/roonlabs/node-roon-api-settings.git#67cd8ca156c5bcd01ea63833ceaaec6d6a79654d",
      "license": "Apache-2.0"
    },
    "node_modules/node-roon-api-source-control": {
      "version": "1.0.0",
      "resolved": "git+ssh://git@github.com/RoonLabs/node-roon-api-source-control.git#fab2ba33f2c9249a8c9e69b6dcccfc8f333ab12e",
      "license": "Apache-2.0"
    },
    "node_modules/node-roon-api-status": {
      "version": "1.0.0",
      "resolved": "git+ssh://git@github.com/roonlabs/node-roon-api-status.git#504c918d6da267e03fbb4337befa71ca3d3c7526",
      "license": "Apache-2.0"
    },
    "node_modules/node-uuid": {
      "version": "1.4.8",
      "resolved": "https://registry.npmjs.org/node-uuid/-/node-uuid-1.4.8.tgz",
      "integrity": "sha512-TkCET/3rr9mUuRp+CpO7qfgT++aAxfDRaalQhwPFzI9BY/2rCDn6OfpZOVggi1AXfTPpfkTrg5f5WQx5G1uLxA==",
      "deprecated": "Use uuid module instead",
      "bin": {
        "uuid": "bin/uuid"
      }
    },
    "node_modules/undici-types": {
      "version": "7.16.0",
      "resolved": "https://registry.npmjs.org/undici-types/-/undici-types-7.16.0.tgz",
      "integrity": "sha512-Zz+aZWSj8LE6zoxD+xrjh4VfkIG8Ya6LvYkZqtUQGJPZjYl53ypCaUwWqo7eI0x66KBGeRo+mlBEkMSeSZ38Nw==",
      "dev": true,
      "license": "MIT"
    },
    "node_modules/ws": {
      "version": "8.18.3",
      "resolved": "https://registry.npmjs.org/ws/-/ws-8.18.3.tgz",
      "integrity": "sha512-PEIGCY5tSlUt50cqyMXfCzX+oOPqN0vuGqWzbcJ2xvnkzkq46oOpz7dQaTDBdfICb4N14+GARUDw2XV2N4tvzg==",
      "license": "MIT",
      "engines": {
        "node": ">=10.0.0"
      },
      "peerDependencies": {
        "bufferutil": "^4.0.1",
        "utf-8-validate": ">=5.0.2"
      },
      "peerDependenciesMeta": {
        "bufferutil": {
          "optional": true
        },
        "utf-8-validate": {
          "optional": true
        }
      }
    }
  }
}
